
Microsoft Visual Studio Solution File, Format Version 12.00
# Visual Studio 14
VisualStudioVersion = 14.0.24720.0
MinimumVisualStudioVersion = 10.0.40219.1
Project("{FAE04EC0-301F-11D3-BF4B-00C04F79EFBC}") = "SCADAHMI", "SCADAHMI\SCADAHMI.csproj", "{449AB63A-8D09-49DD-836D-6737691D3BCE}"
EndProject
Project("{2150E333-8FDC-42A3-9474-1A3956D46DE8}") = "Solution Items", "Solution Items", "{48FB40E2-61BF-4956-B809-CD6932A42E0F}"
	ProjectSection(SolutionItems) = preProject
		..\ControlAndAquisition\ControlAndAquisition\Properties\licenses.licx = ..\ControlAndAquisition\ControlAndAquisition\Properties\licenses.licx
		..\ControlAndAquisition\ControlAndAquisition\OPC.cs = ..\ControlAndAquisition\ControlAndAquisition\OPC.cs
	EndProjectSection
EndProject
Global
	GlobalSection(SolutionConfigurationPlatforms) = preSolution
		Debug|Any CPU = Debug|Any CPU
		Release|Any CPU = Release|Any CPU
	EndGlobalSection
	GlobalSection(ProjectConfigurationPlatforms) = postSolution
		{449AB63A-8D09-49DD-836D-6737691D3BCE}.Debug|Any CPU.ActiveCfg = Debug|Any CPU
		{449AB63A-8D09-49DD-836D-6737691D3BCE}.Debug|Any CPU.Build.0 = Debug|Any CPU
		{449AB63A-8D09-49DD-836D-6737691D3BCE}.Release|Any CPU.ActiveCfg = Release|Any CPU
		{449AB63A-8D09-49DD-836D-6737691D3BCE}.Release|Any CPU.Build.0 = Release|Any CPU
	EndGlobalSection
	GlobalSection(SolutionProperties) = preSolution
		HideSolutionNode = FALSE
	EndGlobalSection
EndGlobal
